// !$*UTF8*$!
{
	archiveVersion = 1;
	classes = {
	};
	objectVersion = 46;
	objects = {

/* Begin PBXBuildFile section */
		3B28C3F81C2D7423008CA202 /* main.swift in Sources */ = {isa = PBXBuildFile; fileRef = 3B28C3F71C2D7423008CA202 /* main.swift */; };
		3B28C40B1C2D74D4008CA202 /* MySQLDriver.framework in Frameworks */ = {isa = PBXBuildFile; fileRef = 3B28C4011C2D74D4008CA202 /* MySQLDriver.framework */; };
		3B28C4101C2D74D4008CA202 /* MySQLDriveriOSTests.swift in Sources */ = {isa = PBXBuildFile; fileRef = 3B28C40F1C2D74D4008CA202 /* MySQLDriveriOSTests.swift */; };
		3B28C4741C2D91B6008CA202 /* AppDelegate.swift in Sources */ = {isa = PBXBuildFile; fileRef = 3B28C4731C2D91B6008CA202 /* AppDelegate.swift */; };
		3B28C4761C2D91B6008CA202 /* ViewController.swift in Sources */ = {isa = PBXBuildFile; fileRef = 3B28C4751C2D91B6008CA202 /* ViewController.swift */; };
		3B28C4791C2D91B6008CA202 /* Main.storyboard in Resources */ = {isa = PBXBuildFile; fileRef = 3B28C4771C2D91B6008CA202 /* Main.storyboard */; };
		3B28C47B1C2D91B6008CA202 /* Assets.xcassets in Resources */ = {isa = PBXBuildFile; fileRef = 3B28C47A1C2D91B6008CA202 /* Assets.xcassets */; };
		3B28C47E1C2D91B6008CA202 /* LaunchScreen.storyboard in Resources */ = {isa = PBXBuildFile; fileRef = 3B28C47C1C2D91B6008CA202 /* LaunchScreen.storyboard */; };
		3B28C4831C2D91D1008CA202 /* MySQLDriver.framework in Frameworks */ = {isa = PBXBuildFile; fileRef = 3B28C4011C2D74D4008CA202 /* MySQLDriver.framework */; };
		3B28C4841C2D91D1008CA202 /* MySQLDriver.framework in Embed Frameworks */ = {isa = PBXBuildFile; fileRef = 3B28C4011C2D74D4008CA202 /* MySQLDriver.framework */; settings = {ATTRIBUTES = (CodeSignOnCopy, RemoveHeadersOnCopy, ); }; };
		3BC37ADE1C948A3E00C0B9E7 /* Connection.swift in Sources */ = {isa = PBXBuildFile; fileRef = 3BC37AD01C948A3E00C0B9E7 /* Connection.swift */; };
		3BC37AE01C948A3E00C0B9E7 /* Connection.swift in Sources */ = {isa = PBXBuildFile; fileRef = 3BC37AD01C948A3E00C0B9E7 /* Connection.swift */; };
		3BC37AE11C948A3E00C0B9E7 /* Connection.swift in Sources */ = {isa = PBXBuildFile; fileRef = 3BC37AD01C948A3E00C0B9E7 /* Connection.swift */; };
		3BC37AE21C948A3F00C0B9E7 /* Connection.swift in Sources */ = {isa = PBXBuildFile; fileRef = 3BC37AD01C948A3E00C0B9E7 /* Connection.swift */; };
		3BC37AE31C948A3F00C0B9E7 /* Connection.swift in Sources */ = {isa = PBXBuildFile; fileRef = 3BC37AD01C948A3E00C0B9E7 /* Connection.swift */; };
		3BC37AE41C948A3F00C0B9E7 /* ConnectionPool.swift in Sources */ = {isa = PBXBuildFile; fileRef = 3BC37AD11C948A3E00C0B9E7 /* ConnectionPool.swift */; };
		3BC37AE61C948A3F00C0B9E7 /* ConnectionPool.swift in Sources */ = {isa = PBXBuildFile; fileRef = 3BC37AD11C948A3E00C0B9E7 /* ConnectionPool.swift */; };
		3BC37AE71C948A3F00C0B9E7 /* ConnectionPool.swift in Sources */ = {isa = PBXBuildFile; fileRef = 3BC37AD11C948A3E00C0B9E7 /* ConnectionPool.swift */; };
		3BC37AE81C948A3F00C0B9E7 /* ConnectionPool.swift in Sources */ = {isa = PBXBuildFile; fileRef = 3BC37AD11C948A3E00C0B9E7 /* ConnectionPool.swift */; };
		3BC37AE91C948A3F00C0B9E7 /* ConnectionPool.swift in Sources */ = {isa = PBXBuildFile; fileRef = 3BC37AD11C948A3E00C0B9E7 /* ConnectionPool.swift */; };
		3BC37AEA1C948A3F00C0B9E7 /* Constants.swift in Sources */ = {isa = PBXBuildFile; fileRef = 3BC37AD21C948A3E00C0B9E7 /* Constants.swift */; };
		3BC37AEC1C948A3F00C0B9E7 /* Constants.swift in Sources */ = {isa = PBXBuildFile; fileRef = 3BC37AD21C948A3E00C0B9E7 /* Constants.swift */; };
		3BC37AED1C948A3F00C0B9E7 /* Constants.swift in Sources */ = {isa = PBXBuildFile; fileRef = 3BC37AD21C948A3E00C0B9E7 /* Constants.swift */; };
		3BC37AEE1C948A3F00C0B9E7 /* Constants.swift in Sources */ = {isa = PBXBuildFile; fileRef = 3BC37AD21C948A3E00C0B9E7 /* Constants.swift */; };
		3BC37AEF1C948A3F00C0B9E7 /* Constants.swift in Sources */ = {isa = PBXBuildFile; fileRef = 3BC37AD21C948A3E00C0B9E7 /* Constants.swift */; };
		3BC37AF61C948A3F00C0B9E7 /* mysql.swift in Sources */ = {isa = PBXBuildFile; fileRef = 3BC37AD41C948A3E00C0B9E7 /* mysql.swift */; };
		3BC37AF81C948A3F00C0B9E7 /* mysql.swift in Sources */ = {isa = PBXBuildFile; fileRef = 3BC37AD41C948A3E00C0B9E7 /* mysql.swift */; };
		3BC37AF91C948A3F00C0B9E7 /* mysql.swift in Sources */ = {isa = PBXBuildFile; fileRef = 3BC37AD41C948A3E00C0B9E7 /* mysql.swift */; };
		3BC37AFA1C948A3F00C0B9E7 /* mysql.swift in Sources */ = {isa = PBXBuildFile; fileRef = 3BC37AD41C948A3E00C0B9E7 /* mysql.swift */; };
		3BC37AFB1C948A3F00C0B9E7 /* mysql.swift in Sources */ = {isa = PBXBuildFile; fileRef = 3BC37AD41C948A3E00C0B9E7 /* mysql.swift */; };
		3BC37AFC1C948A3F00C0B9E7 /* Packets.swift in Sources */ = {isa = PBXBuildFile; fileRef = 3BC37AD51C948A3E00C0B9E7 /* Packets.swift */; };
		3BC37AFE1C948A3F00C0B9E7 /* Packets.swift in Sources */ = {isa = PBXBuildFile; fileRef = 3BC37AD51C948A3E00C0B9E7 /* Packets.swift */; };
		3BC37AFF1C948A3F00C0B9E7 /* Packets.swift in Sources */ = {isa = PBXBuildFile; fileRef = 3BC37AD51C948A3E00C0B9E7 /* Packets.swift */; };
		3BC37B001C948A3F00C0B9E7 /* Packets.swift in Sources */ = {isa = PBXBuildFile; fileRef = 3BC37AD51C948A3E00C0B9E7 /* Packets.swift */; };
		3BC37B011C948A3F00C0B9E7 /* Packets.swift in Sources */ = {isa = PBXBuildFile; fileRef = 3BC37AD51C948A3E00C0B9E7 /* Packets.swift */; };
		3BC37B021C948A3F00C0B9E7 /* Query.swift in Sources */ = {isa = PBXBuildFile; fileRef = 3BC37AD61C948A3E00C0B9E7 /* Query.swift */; };
		3BC37B041C948A3F00C0B9E7 /* Query.swift in Sources */ = {isa = PBXBuildFile; fileRef = 3BC37AD61C948A3E00C0B9E7 /* Query.swift */; };
		3BC37B051C948A3F00C0B9E7 /* Query.swift in Sources */ = {isa = PBXBuildFile; fileRef = 3BC37AD61C948A3E00C0B9E7 /* Query.swift */; };
		3BC37B061C948A3F00C0B9E7 /* Query.swift in Sources */ = {isa = PBXBuildFile; fileRef = 3BC37AD61C948A3E00C0B9E7 /* Query.swift */; };
		3BC37B071C948A3F00C0B9E7 /* Query.swift in Sources */ = {isa = PBXBuildFile; fileRef = 3BC37AD61C948A3E00C0B9E7 /* Query.swift */; };
		3BC37B081C948A3F00C0B9E7 /* Result.swift in Sources */ = {isa = PBXBuildFile; fileRef = 3BC37AD71C948A3E00C0B9E7 /* Result.swift */; };
		3BC37B0A1C948A3F00C0B9E7 /* Result.swift in Sources */ = {isa = PBXBuildFile; fileRef = 3BC37AD71C948A3E00C0B9E7 /* Result.swift */; };
		3BC37B0B1C948A3F00C0B9E7 /* Result.swift in Sources */ = {isa = PBXBuildFile; fileRef = 3BC37AD71C948A3E00C0B9E7 /* Result.swift */; };
		3BC37B0C1C948A3F00C0B9E7 /* Result.swift in Sources */ = {isa = PBXBuildFile; fileRef = 3BC37AD71C948A3E00C0B9E7 /* Result.swift */; };
		3BC37B0D1C948A3F00C0B9E7 /* Result.swift in Sources */ = {isa = PBXBuildFile; fileRef = 3BC37AD71C948A3E00C0B9E7 /* Result.swift */; };
		3BC37B0E1C948A3F00C0B9E7 /* sha1.swift in Sources */ = {isa = PBXBuildFile; fileRef = 3BC37AD81C948A3E00C0B9E7 /* sha1.swift */; };
		3BC37B101C948A3F00C0B9E7 /* sha1.swift in Sources */ = {isa = PBXBuildFile; fileRef = 3BC37AD81C948A3E00C0B9E7 /* sha1.swift */; };
		3BC37B111C948A3F00C0B9E7 /* sha1.swift in Sources */ = {isa = PBXBuildFile; fileRef = 3BC37AD81C948A3E00C0B9E7 /* sha1.swift */; };
		3BC37B121C948A3F00C0B9E7 /* sha1.swift in Sources */ = {isa = PBXBuildFile; fileRef = 3BC37AD81C948A3E00C0B9E7 /* sha1.swift */; };
		3BC37B131C948A3F00C0B9E7 /* sha1.swift in Sources */ = {isa = PBXBuildFile; fileRef = 3BC37AD81C948A3E00C0B9E7 /* sha1.swift */; };
		3BC37B141C948A3F00C0B9E7 /* Socket.swift in Sources */ = {isa = PBXBuildFile; fileRef = 3BC37AD91C948A3E00C0B9E7 /* Socket.swift */; };
		3BC37B161C948A3F00C0B9E7 /* Socket.swift in Sources */ = {isa = PBXBuildFile; fileRef = 3BC37AD91C948A3E00C0B9E7 /* Socket.swift */; };
		3BC37B171C948A3F00C0B9E7 /* Socket.swift in Sources */ = {isa = PBXBuildFile; fileRef = 3BC37AD91C948A3E00C0B9E7 /* Socket.swift */; };
		3BC37B181C948A3F00C0B9E7 /* Socket.swift in Sources */ = {isa = PBXBuildFile; fileRef = 3BC37AD91C948A3E00C0B9E7 /* Socket.swift */; };
		3BC37B191C948A3F00C0B9E7 /* Socket.swift in Sources */ = {isa = PBXBuildFile; fileRef = 3BC37AD91C948A3E00C0B9E7 /* Socket.swift */; };
		3BC37B1A1C948A3F00C0B9E7 /* Statement.swift in Sources */ = {isa = PBXBuildFile; fileRef = 3BC37ADA1C948A3E00C0B9E7 /* Statement.swift */; };
		3BC37B1C1C948A3F00C0B9E7 /* Statement.swift in Sources */ = {isa = PBXBuildFile; fileRef = 3BC37ADA1C948A3E00C0B9E7 /* Statement.swift */; };
		3BC37B1D1C948A3F00C0B9E7 /* Statement.swift in Sources */ = {isa = PBXBuildFile; fileRef = 3BC37ADA1C948A3E00C0B9E7 /* Statement.swift */; };
		3BC37B1E1C948A3F00C0B9E7 /* Statement.swift in Sources */ = {isa = PBXBuildFile; fileRef = 3BC37ADA1C948A3E00C0B9E7 /* Statement.swift */; };
		3BC37B1F1C948A3F00C0B9E7 /* Statement.swift in Sources */ = {isa = PBXBuildFile; fileRef = 3BC37ADA1C948A3E00C0B9E7 /* Statement.swift */; };
		3BC37B201C948A3F00C0B9E7 /* Table.swift in Sources */ = {isa = PBXBuildFile; fileRef = 3BC37ADB1C948A3E00C0B9E7 /* Table.swift */; };
		3BC37B221C948A3F00C0B9E7 /* Table.swift in Sources */ = {isa = PBXBuildFile; fileRef = 3BC37ADB1C948A3E00C0B9E7 /* Table.swift */; };
		3BC37B231C948A3F00C0B9E7 /* Table.swift in Sources */ = {isa = PBXBuildFile; fileRef = 3BC37ADB1C948A3E00C0B9E7 /* Table.swift */; };
		3BC37B241C948A3F00C0B9E7 /* Table.swift in Sources */ = {isa = PBXBuildFile; fileRef = 3BC37ADB1C948A3E00C0B9E7 /* Table.swift */; };
		3BC37B251C948A3F00C0B9E7 /* Table.swift in Sources */ = {isa = PBXBuildFile; fileRef = 3BC37ADB1C948A3E00C0B9E7 /* Table.swift */; };
		3BC37B261C948A3F00C0B9E7 /* tests.swift in Sources */ = {isa = PBXBuildFile; fileRef = 3BC37ADC1C948A3E00C0B9E7 /* tests.swift */; };
		3BC37B281C948A3F00C0B9E7 /* tests.swift in Sources */ = {isa = PBXBuildFile; fileRef = 3BC37ADC1C948A3E00C0B9E7 /* tests.swift */; };
		3BC37B291C948A3F00C0B9E7 /* tests.swift in Sources */ = {isa = PBXBuildFile; fileRef = 3BC37ADC1C948A3E00C0B9E7 /* tests.swift */; };
		3BC37B2A1C948A3F00C0B9E7 /* tests.swift in Sources */ = {isa = PBXBuildFile; fileRef = 3BC37ADC1C948A3E00C0B9E7 /* tests.swift */; };
		3BC37B2B1C948A3F00C0B9E7 /* tests.swift in Sources */ = {isa = PBXBuildFile; fileRef = 3BC37ADC1C948A3E00C0B9E7 /* tests.swift */; };
		3BC37B2C1C948A3F00C0B9E7 /* Utils.swift in Sources */ = {isa = PBXBuildFile; fileRef = 3BC37ADD1C948A3E00C0B9E7 /* Utils.swift */; };
		3BC37B2E1C948A3F00C0B9E7 /* Utils.swift in Sources */ = {isa = PBXBuildFile; fileRef = 3BC37ADD1C948A3E00C0B9E7 /* Utils.swift */; };
		3BC37B2F1C948A3F00C0B9E7 /* Utils.swift in Sources */ = {isa = PBXBuildFile; fileRef = 3BC37ADD1C948A3E00C0B9E7 /* Utils.swift */; };
		3BC37B301C948A3F00C0B9E7 /* Utils.swift in Sources */ = {isa = PBXBuildFile; fileRef = 3BC37ADD1C948A3E00C0B9E7 /* Utils.swift */; };
		3BC37B311C948A3F00C0B9E7 /* Utils.swift in Sources */ = {isa = PBXBuildFile; fileRef = 3BC37ADD1C948A3E00C0B9E7 /* Utils.swift */; };
		627B380E2016625F0029FDC1 /* MySQLDriverMacTests.swift in Sources */ = {isa = PBXBuildFile; fileRef = 3B28C3E81C2D73E8008CA202 /* MySQLDriverMacTests.swift */; };
		B0F16B4E1F97728700AAAFDB /* MySQLDriver.framework in Frameworks */ = {isa = PBXBuildFile; fileRef = 3B28C3D91C2D73E8008CA202 /* MySQLDriver.framework */; };
/* End PBXBuildFile section */

/* Begin PBXContainerItemProxy section */
		3B28C40C1C2D74D4008CA202 /* PBXContainerItemProxy */ = {
			isa = PBXContainerItemProxy;
			containerPortal = 3B28C3CE1C2D7360008CA202 /* Project object */;
			proxyType = 1;
			remoteGlobalIDString = 3B28C4001C2D74D4008CA202;
			remoteInfo = MySQLDriveriOS;
		};
		3B28C4851C2D91D1008CA202 /* PBXContainerItemProxy */ = {
			isa = PBXContainerItemProxy;
			containerPortal = 3B28C3CE1C2D7360008CA202 /* Project object */;
			proxyType = 1;
			remoteGlobalIDString = 3B28C4001C2D74D4008CA202;
			remoteInfo = MySQLDriveriOS;
		};
		B0F16B4F1F97728700AAAFDB /* PBXContainerItemProxy */ = {
			isa = PBXContainerItemProxy;
			containerPortal = 3B28C3CE1C2D7360008CA202 /* Project object */;
			proxyType = 1;
			remoteGlobalIDString = 3B28C3D81C2D73E8008CA202;
			remoteInfo = MySQLDriver;
		};
/* End PBXContainerItemProxy section */

/* Begin PBXCopyFilesBuildPhase section */
		3B28C3F31C2D7423008CA202 /* CopyFiles */ = {
			isa = PBXCopyFilesBuildPhase;
			buildActionMask = 2147483647;
			dstPath = /usr/share/man/man1/;
			dstSubfolderSpec = 0;
			files = (
			);
			runOnlyForDeploymentPostprocessing = 1;
		};
		3B28C4871C2D91D1008CA202 /* Embed Frameworks */ = {
			isa = PBXCopyFilesBuildPhase;
			buildActionMask = 2147483647;
			dstPath = "";
			dstSubfolderSpec = 10;
			files = (
				3B28C4841C2D91D1008CA202 /* MySQLDriver.framework in Embed Frameworks */,
			);
			name = "Embed Frameworks";
			runOnlyForDeploymentPostprocessing = 0;
		};
/* End PBXCopyFilesBuildPhase section */

/* Begin PBXFileReference section */
		3B28C3D91C2D73E8008CA202 /* MySQLDriver.framework */ = {isa = PBXFileReference; explicitFileType = wrapper.framework; includeInIndex = 0; path = MySQLDriver.framework; sourceTree = BUILT_PRODUCTS_DIR; };
		3B28C3E81C2D73E8008CA202 /* MySQLDriverMacTests.swift */ = {isa = PBXFileReference; lastKnownFileType = sourcecode.swift; path = MySQLDriverMacTests.swift; sourceTree = "<group>"; };
		3B28C3F51C2D7423008CA202 /* MySQLSampleOSX */ = {isa = PBXFileReference; explicitFileType = "compiled.mach-o.executable"; includeInIndex = 0; path = MySQLSampleOSX; sourceTree = BUILT_PRODUCTS_DIR; };
		3B28C3F71C2D7423008CA202 /* main.swift */ = {isa = PBXFileReference; lastKnownFileType = sourcecode.swift; path = main.swift; sourceTree = "<group>"; };
		3B28C4011C2D74D4008CA202 /* MySQLDriver.framework */ = {isa = PBXFileReference; explicitFileType = wrapper.framework; includeInIndex = 0; path = MySQLDriver.framework; sourceTree = BUILT_PRODUCTS_DIR; };
		3B28C4051C2D74D4008CA202 /* Info.plist */ = {isa = PBXFileReference; lastKnownFileType = text.plist.xml; path = Info.plist; sourceTree = "<group>"; };
		3B28C40A1C2D74D4008CA202 /* MySQLDriverTests-iOS.xctest */ = {isa = PBXFileReference; explicitFileType = wrapper.cfbundle; includeInIndex = 0; path = "MySQLDriverTests-iOS.xctest"; sourceTree = BUILT_PRODUCTS_DIR; };
		3B28C40F1C2D74D4008CA202 /* MySQLDriveriOSTests.swift */ = {isa = PBXFileReference; lastKnownFileType = sourcecode.swift; path = MySQLDriveriOSTests.swift; sourceTree = "<group>"; };
		3B28C4181C2D74FD008CA202 /* Package.swift */ = {isa = PBXFileReference; lastKnownFileType = sourcecode.swift; path = Package.swift; sourceTree = "<group>"; };
		3B28C4711C2D91B5008CA202 /* MySQLSampleiOS.app */ = {isa = PBXFileReference; explicitFileType = wrapper.application; includeInIndex = 0; path = MySQLSampleiOS.app; sourceTree = BUILT_PRODUCTS_DIR; };
		3B28C4731C2D91B6008CA202 /* AppDelegate.swift */ = {isa = PBXFileReference; lastKnownFileType = sourcecode.swift; path = AppDelegate.swift; sourceTree = "<group>"; };
		3B28C4751C2D91B6008CA202 /* ViewController.swift */ = {isa = PBXFileReference; lastKnownFileType = sourcecode.swift; path = ViewController.swift; sourceTree = "<group>"; };
		3B28C4781C2D91B6008CA202 /* Base */ = {isa = PBXFileReference; lastKnownFileType = file.storyboard; name = Base; path = Base.lproj/Main.storyboard; sourceTree = "<group>"; };
		3B28C47A1C2D91B6008CA202 /* Assets.xcassets */ = {isa = PBXFileReference; lastKnownFileType = folder.assetcatalog; path = Assets.xcassets; sourceTree = "<group>"; };
		3B28C47D1C2D91B6008CA202 /* Base */ = {isa = PBXFileReference; lastKnownFileType = file.storyboard; name = Base; path = Base.lproj/LaunchScreen.storyboard; sourceTree = "<group>"; };
		3B28C47F1C2D91B6008CA202 /* Info.plist */ = {isa = PBXFileReference; lastKnownFileType = text.plist.xml; path = Info.plist; sourceTree = "<group>"; };
		3BC37AD01C948A3E00C0B9E7 /* Connection.swift */ = {isa = PBXFileReference; fileEncoding = 4; lastKnownFileType = sourcecode.swift; path = Connection.swift; sourceTree = "<group>"; };
		3BC37AD11C948A3E00C0B9E7 /* ConnectionPool.swift */ = {isa = PBXFileReference; fileEncoding = 4; lastKnownFileType = sourcecode.swift; path = ConnectionPool.swift; sourceTree = "<group>"; };
		3BC37AD21C948A3E00C0B9E7 /* Constants.swift */ = {isa = PBXFileReference; fileEncoding = 4; lastKnownFileType = sourcecode.swift; path = Constants.swift; sourceTree = "<group>"; };
		3BC37AD41C948A3E00C0B9E7 /* mysql.swift */ = {isa = PBXFileReference; fileEncoding = 4; lastKnownFileType = sourcecode.swift; path = mysql.swift; sourceTree = "<group>"; };
		3BC37AD51C948A3E00C0B9E7 /* Packets.swift */ = {isa = PBXFileReference; fileEncoding = 4; lastKnownFileType = sourcecode.swift; path = Packets.swift; sourceTree = "<group>"; };
		3BC37AD61C948A3E00C0B9E7 /* Query.swift */ = {isa = PBXFileReference; fileEncoding = 4; lastKnownFileType = sourcecode.swift; path = Query.swift; sourceTree = "<group>"; };
		3BC37AD71C948A3E00C0B9E7 /* Result.swift */ = {isa = PBXFileReference; fileEncoding = 4; lastKnownFileType = sourcecode.swift; path = Result.swift; sourceTree = "<group>"; };
		3BC37AD81C948A3E00C0B9E7 /* sha1.swift */ = {isa = PBXFileReference; fileEncoding = 4; lastKnownFileType = sourcecode.swift; path = sha1.swift; sourceTree = "<group>"; };
		3BC37AD91C948A3E00C0B9E7 /* Socket.swift */ = {isa = PBXFileReference; fileEncoding = 4; lastKnownFileType = sourcecode.swift; path = Socket.swift; sourceTree = "<group>"; };
		3BC37ADA1C948A3E00C0B9E7 /* Statement.swift */ = {isa = PBXFileReference; fileEncoding = 4; lastKnownFileType = sourcecode.swift; path = Statement.swift; sourceTree = "<group>"; };
		3BC37ADB1C948A3E00C0B9E7 /* Table.swift */ = {isa = PBXFileReference; fileEncoding = 4; lastKnownFileType = sourcecode.swift; path = Table.swift; sourceTree = "<group>"; };
		3BC37ADC1C948A3E00C0B9E7 /* tests.swift */ = {isa = PBXFileReference; fileEncoding = 4; lastKnownFileType = sourcecode.swift; path = tests.swift; sourceTree = "<group>"; };
		3BC37ADD1C948A3E00C0B9E7 /* Utils.swift */ = {isa = PBXFileReference; fileEncoding = 4; lastKnownFileType = sourcecode.swift; path = Utils.swift; sourceTree = "<group>"; };
		B0F16B491F97728700AAAFDB /* MySQLDriverTests-macOS.xctest */ = {isa = PBXFileReference; explicitFileType = wrapper.cfbundle; includeInIndex = 0; path = "MySQLDriverTests-macOS.xctest"; sourceTree = BUILT_PRODUCTS_DIR; };
/* End PBXFileReference section */

/* Begin PBXFrameworksBuildPhase section */
		3B28C3D51C2D73E8008CA202 /* Frameworks */ = {
			isa = PBXFrameworksBuildPhase;
			buildActionMask = 2147483647;
			files = (
			);
			runOnlyForDeploymentPostprocessing = 0;
		};
		3B28C3F21C2D7423008CA202 /* Frameworks */ = {
			isa = PBXFrameworksBuildPhase;
			buildActionMask = 2147483647;
			files = (
			);
			runOnlyForDeploymentPostprocessing = 0;
		};
		3B28C3FD1C2D74D4008CA202 /* Frameworks */ = {
			isa = PBXFrameworksBuildPhase;
			buildActionMask = 2147483647;
			files = (
			);
			runOnlyForDeploymentPostprocessing = 0;
		};
		3B28C4071C2D74D4008CA202 /* Frameworks */ = {
			isa = PBXFrameworksBuildPhase;
			buildActionMask = 2147483647;
			files = (
				3B28C40B1C2D74D4008CA202 /* MySQLDriver.framework in Frameworks */,
			);
			runOnlyForDeploymentPostprocessing = 0;
		};
		3B28C46E1C2D91B5008CA202 /* Frameworks */ = {
			isa = PBXFrameworksBuildPhase;
			buildActionMask = 2147483647;
			files = (
				3B28C4831C2D91D1008CA202 /* MySQLDriver.framework in Frameworks */,
			);
			runOnlyForDeploymentPostprocessing = 0;
		};
		B0F16B461F97728700AAAFDB /* Frameworks */ = {
			isa = PBXFrameworksBuildPhase;
			buildActionMask = 2147483647;
			files = (
				B0F16B4E1F97728700AAAFDB /* MySQLDriver.framework in Frameworks */,
			);
			runOnlyForDeploymentPostprocessing = 0;
		};
/* End PBXFrameworksBuildPhase section */

/* Begin PBXGroup section */
		3B1392B11C2F3C1C00AA463B /* Sources */ = {
			isa = PBXGroup;
			children = (
				3B28C4051C2D74D4008CA202 /* Info.plist */,
				3BC37ACF1C948A3E00C0B9E7 /* MySQLDriver */,
			);
			path = Sources;
			sourceTree = "<group>";
		};
		3B28C3CD1C2D7360008CA202 = {
			isa = PBXGroup;
			children = (
				3B28C4181C2D74FD008CA202 /* Package.swift */,
				3B1392B11C2F3C1C00AA463B /* Sources */,
				627B380B2016612B0029FDC1 /* Tests */,
				627B380D201661A90029FDC1 /* Samples */,
				3B28C3DA1C2D73E8008CA202 /* Products */,
				B0F16B431F976B2600AAAFDB /* Frameworks */,
			);
			sourceTree = "<group>";
		};
		3B28C3DA1C2D73E8008CA202 /* Products */ = {
			isa = PBXGroup;
			children = (
				3B28C3D91C2D73E8008CA202 /* MySQLDriver.framework */,
				3B28C3F51C2D7423008CA202 /* MySQLSampleOSX */,
				3B28C4011C2D74D4008CA202 /* MySQLDriver.framework */,
				3B28C40A1C2D74D4008CA202 /* MySQLDriverTests-iOS.xctest */,
				3B28C4711C2D91B5008CA202 /* MySQLSampleiOS.app */,
				B0F16B491F97728700AAAFDB /* MySQLDriverTests-macOS.xctest */,
			);
			name = Products;
			sourceTree = "<group>";
		};
		3B28C3F61C2D7423008CA202 /* MySQLSampleOSX */ = {
			isa = PBXGroup;
			children = (
				3B28C3F71C2D7423008CA202 /* main.swift */,
			);
			path = MySQLSampleOSX;
			sourceTree = "<group>";
		};
		3B28C4721C2D91B6008CA202 /* MySQLSampleiOS */ = {
			isa = PBXGroup;
			children = (
				3B28C4731C2D91B6008CA202 /* AppDelegate.swift */,
				3B28C4751C2D91B6008CA202 /* ViewController.swift */,
				3B28C4771C2D91B6008CA202 /* Main.storyboard */,
				3B28C47A1C2D91B6008CA202 /* Assets.xcassets */,
				3B28C47C1C2D91B6008CA202 /* LaunchScreen.storyboard */,
				3B28C47F1C2D91B6008CA202 /* Info.plist */,
			);
			path = MySQLSampleiOS;
			sourceTree = "<group>";
		};
		3BC37ACF1C948A3E00C0B9E7 /* MySQLDriver */ = {
			isa = PBXGroup;
			children = (
				3BC37AD01C948A3E00C0B9E7 /* Connection.swift */,
				3BC37AD11C948A3E00C0B9E7 /* ConnectionPool.swift */,
				3BC37AD21C948A3E00C0B9E7 /* Constants.swift */,
				3BC37AD41C948A3E00C0B9E7 /* mysql.swift */,
				3BC37AD51C948A3E00C0B9E7 /* Packets.swift */,
				3BC37AD61C948A3E00C0B9E7 /* Query.swift */,
				3BC37AD71C948A3E00C0B9E7 /* Result.swift */,
				3BC37AD81C948A3E00C0B9E7 /* sha1.swift */,
				3BC37AD91C948A3E00C0B9E7 /* Socket.swift */,
				3BC37ADA1C948A3E00C0B9E7 /* Statement.swift */,
				3BC37ADB1C948A3E00C0B9E7 /* Table.swift */,
				3BC37ADC1C948A3E00C0B9E7 /* tests.swift */,
				3BC37ADD1C948A3E00C0B9E7 /* Utils.swift */,
			);
			path = MySQLDriver;
			sourceTree = "<group>";
		};
		627B380B2016612B0029FDC1 /* Tests */ = {
			isa = PBXGroup;
			children = (
				3B28C3E81C2D73E8008CA202 /* MySQLDriverMacTests.swift */,
				3B28C40F1C2D74D4008CA202 /* MySQLDriveriOSTests.swift */,
			);
			path = Tests;
			sourceTree = "<group>";
		};
		627B380D201661A90029FDC1 /* Samples */ = {
			isa = PBXGroup;
			children = (
				3B28C4721C2D91B6008CA202 /* MySQLSampleiOS */,
				3B28C3F61C2D7423008CA202 /* MySQLSampleOSX */,
			);
			path = Samples;
			sourceTree = "<group>";
		};
		B0F16B431F976B2600AAAFDB /* Frameworks */ = {
			isa = PBXGroup;
			children = (
			);
			name = Frameworks;
			sourceTree = "<group>";
		};
/* End PBXGroup section */

/* Begin PBXHeadersBuildPhase section */
		3B28C3D61C2D73E8008CA202 /* Headers */ = {
			isa = PBXHeadersBuildPhase;
			buildActionMask = 2147483647;
			files = (
			);
			runOnlyForDeploymentPostprocessing = 0;
		};
		3B28C3FE1C2D74D4008CA202 /* Headers */ = {
			isa = PBXHeadersBuildPhase;
			buildActionMask = 2147483647;
			files = (
			);
			runOnlyForDeploymentPostprocessing = 0;
		};
/* End PBXHeadersBuildPhase section */

/* Begin PBXNativeTarget section */
		3B28C3D81C2D73E8008CA202 /* MySQLDriver-macOS */ = {
			isa = PBXNativeTarget;
			buildConfigurationList = 3B28C3EB1C2D73E8008CA202 /* Build configuration list for PBXNativeTarget "MySQLDriver-macOS" */;
			buildPhases = (
				3B28C3D41C2D73E8008CA202 /* Sources */,
				3B28C3D51C2D73E8008CA202 /* Frameworks */,
				3B28C3D61C2D73E8008CA202 /* Headers */,
				3B28C3D71C2D73E8008CA202 /* Resources */,
			);
			buildRules = (
			);
			dependencies = (
			);
			name = "MySQLDriver-macOS";
			productName = MySQLDriverMac;
			productReference = 3B28C3D91C2D73E8008CA202 /* MySQLDriver.framework */;
			productType = "com.apple.product-type.framework";
		};
		3B28C3F41C2D7423008CA202 /* MySQLSampleOSX */ = {
			isa = PBXNativeTarget;
			buildConfigurationList = 3B28C3F91C2D7423008CA202 /* Build configuration list for PBXNativeTarget "MySQLSampleOSX" */;
			buildPhases = (
				3B28C3F11C2D7423008CA202 /* Sources */,
				3B28C3F21C2D7423008CA202 /* Frameworks */,
				3B28C3F31C2D7423008CA202 /* CopyFiles */,
			);
			buildRules = (
			);
			dependencies = (
			);
			name = MySQLSampleOSX;
			productName = MySQLSampleOSX;
			productReference = 3B28C3F51C2D7423008CA202 /* MySQLSampleOSX */;
			productType = "com.apple.product-type.tool";
		};
		3B28C4001C2D74D4008CA202 /* MySQLDriver-iOS */ = {
			isa = PBXNativeTarget;
			buildConfigurationList = 3B28C4121C2D74D4008CA202 /* Build configuration list for PBXNativeTarget "MySQLDriver-iOS" */;
			buildPhases = (
				3B28C3FC1C2D74D4008CA202 /* Sources */,
				3B28C3FD1C2D74D4008CA202 /* Frameworks */,
				3B28C3FE1C2D74D4008CA202 /* Headers */,
				3B28C3FF1C2D74D4008CA202 /* Resources */,
			);
			buildRules = (
			);
			dependencies = (
			);
			name = "MySQLDriver-iOS";
			productName = MySQLDriveriOS;
			productReference = 3B28C4011C2D74D4008CA202 /* MySQLDriver.framework */;
			productType = "com.apple.product-type.framework";
		};
		3B28C4091C2D74D4008CA202 /* MySQLDriverTests-iOS */ = {
			isa = PBXNativeTarget;
			buildConfigurationList = 3B28C4151C2D74D4008CA202 /* Build configuration list for PBXNativeTarget "MySQLDriverTests-iOS" */;
			buildPhases = (
				3B28C4061C2D74D4008CA202 /* Sources */,
				3B28C4071C2D74D4008CA202 /* Frameworks */,
				3B28C4081C2D74D4008CA202 /* Resources */,
			);
			buildRules = (
			);
			dependencies = (
				3B28C40D1C2D74D4008CA202 /* PBXTargetDependency */,
			);
			name = "MySQLDriverTests-iOS";
			productName = MySQLDriveriOSTests;
			productReference = 3B28C40A1C2D74D4008CA202 /* MySQLDriverTests-iOS.xctest */;
			productType = "com.apple.product-type.bundle.unit-test";
		};
		3B28C4701C2D91B5008CA202 /* MySQLSampleiOS */ = {
			isa = PBXNativeTarget;
			buildConfigurationList = 3B28C4801C2D91B6008CA202 /* Build configuration list for PBXNativeTarget "MySQLSampleiOS" */;
			buildPhases = (
				3B28C46D1C2D91B5008CA202 /* Sources */,
				3B28C46E1C2D91B5008CA202 /* Frameworks */,
				3B28C46F1C2D91B5008CA202 /* Resources */,
				3B28C4871C2D91D1008CA202 /* Embed Frameworks */,
			);
			buildRules = (
			);
			dependencies = (
				3B28C4861C2D91D1008CA202 /* PBXTargetDependency */,
			);
			name = MySQLSampleiOS;
			productName = MySQLSampleiOS;
			productReference = 3B28C4711C2D91B5008CA202 /* MySQLSampleiOS.app */;
			productType = "com.apple.product-type.application";
		};
		B0F16B481F97728700AAAFDB /* MySQLDriverTests-macOS */ = {
			isa = PBXNativeTarget;
			buildConfigurationList = B0F16B511F97728700AAAFDB /* Build configuration list for PBXNativeTarget "MySQLDriverTests-macOS" */;
			buildPhases = (
				B0F16B451F97728700AAAFDB /* Sources */,
				B0F16B461F97728700AAAFDB /* Frameworks */,
				B0F16B471F97728700AAAFDB /* Resources */,
			);
			buildRules = (
			);
			dependencies = (
				B0F16B501F97728700AAAFDB /* PBXTargetDependency */,
			);
			name = "MySQLDriverTests-macOS";
			productName = MySQLDriverTests;
			productReference = B0F16B491F97728700AAAFDB /* MySQLDriverTests-macOS.xctest */;
			productType = "com.apple.product-type.bundle.unit-test";
		};
/* End PBXNativeTarget section */

/* Begin PBXProject section */
		3B28C3CE1C2D7360008CA202 /* Project object */ = {
			isa = PBXProject;
			attributes = {
				LastSwiftUpdateCheck = 0900;
				LastUpgradeCheck = 0900;
				TargetAttributes = {
					3B28C3D81C2D73E8008CA202 = {
						CreatedOnToolsVersion = 7.2;
						LastSwiftMigration = 0810;
					};
					3B28C3F41C2D7423008CA202 = {
						CreatedOnToolsVersion = 7.2;
						ProvisioningStyle = Automatic;
					};
					3B28C4001C2D74D4008CA202 = {
						CreatedOnToolsVersion = 7.2;
						DevelopmentTeam = V78YG58T49;
						LastSwiftMigration = 0810;
					};
					3B28C4091C2D74D4008CA202 = {
						CreatedOnToolsVersion = 7.2;
						LastSwiftMigration = 0810;
						ProvisioningStyle = Automatic;
					};
					3B28C4701C2D91B5008CA202 = {
						CreatedOnToolsVersion = 7.2;
						ProvisioningStyle = Automatic;
					};
					B0F16B481F97728700AAAFDB = {
						CreatedOnToolsVersion = 9.0.1;
						ProvisioningStyle = Automatic;
					};
				};
			};
			buildConfigurationList = 3B28C3D11C2D7360008CA202 /* Build configuration list for PBXProject "MySQLDriver" */;
			compatibilityVersion = "Xcode 3.2";
			developmentRegion = English;
			hasScannedForEncodings = 0;
			knownRegions = (
				en,
				Base,
			);
			mainGroup = 3B28C3CD1C2D7360008CA202;
			productRefGroup = 3B28C3DA1C2D73E8008CA202 /* Products */;
			projectDirPath = "";
			projectRoot = "";
			targets = (
				3B28C3D81C2D73E8008CA202 /* MySQLDriver-macOS */,
				3B28C4001C2D74D4008CA202 /* MySQLDriver-iOS */,
				B0F16B481F97728700AAAFDB /* MySQLDriverTests-macOS */,
				3B28C3F41C2D7423008CA202 /* MySQLSampleOSX */,
				3B28C4091C2D74D4008CA202 /* MySQLDriverTests-iOS */,
				3B28C4701C2D91B5008CA202 /* MySQLSampleiOS */,
			);
		};
/* End PBXProject section */

/* Begin PBXResourcesBuildPhase section */
		3B28C3D71C2D73E8008CA202 /* Resources */ = {
			isa = PBXResourcesBuildPhase;
			buildActionMask = 2147483647;
			files = (
			);
			runOnlyForDeploymentPostprocessing = 0;
		};
		3B28C3FF1C2D74D4008CA202 /* Resources */ = {
			isa = PBXResourcesBuildPhase;
			buildActionMask = 2147483647;
			files = (
			);
			runOnlyForDeploymentPostprocessing = 0;
		};
		3B28C4081C2D74D4008CA202 /* Resources */ = {
			isa = PBXResourcesBuildPhase;
			buildActionMask = 2147483647;
			files = (
			);
			runOnlyForDeploymentPostprocessing = 0;
		};
		3B28C46F1C2D91B5008CA202 /* Resources */ = {
			isa = PBXResourcesBuildPhase;
			buildActionMask = 2147483647;
			files = (
				3B28C47E1C2D91B6008CA202 /* LaunchScreen.storyboard in Resources */,
				3B28C47B1C2D91B6008CA202 /* Assets.xcassets in Resources */,
				3B28C4791C2D91B6008CA202 /* Main.storyboard in Resources */,
			);
			runOnlyForDeploymentPostprocessing = 0;
		};
		B0F16B471F97728700AAAFDB /* Resources */ = {
			isa = PBXResourcesBuildPhase;
			buildActionMask = 2147483647;
			files = (
			);
			runOnlyForDeploymentPostprocessing = 0;
		};
/* End PBXResourcesBuildPhase section */

/* Begin PBXSourcesBuildPhase section */
		3B28C3D41C2D73E8008CA202 /* Sources */ = {
			isa = PBXSourcesBuildPhase;
			buildActionMask = 2147483647;
			files = (
				3BC37ADE1C948A3E00C0B9E7 /* Connection.swift in Sources */,
				3BC37B021C948A3F00C0B9E7 /* Query.swift in Sources */,
				3BC37B141C948A3F00C0B9E7 /* Socket.swift in Sources */,
				3BC37B2C1C948A3F00C0B9E7 /* Utils.swift in Sources */,
				3BC37AE41C948A3F00C0B9E7 /* ConnectionPool.swift in Sources */,
				3BC37B0E1C948A3F00C0B9E7 /* sha1.swift in Sources */,
				3BC37B201C948A3F00C0B9E7 /* Table.swift in Sources */,
				3BC37AF61C948A3F00C0B9E7 /* mysql.swift in Sources */,
				3BC37AEA1C948A3F00C0B9E7 /* Constants.swift in Sources */,
				3BC37B081C948A3F00C0B9E7 /* Result.swift in Sources */,
				3BC37AFC1C948A3F00C0B9E7 /* Packets.swift in Sources */,
				3BC37B1A1C948A3F00C0B9E7 /* Statement.swift in Sources */,
				3BC37B261C948A3F00C0B9E7 /* tests.swift in Sources */,
			);
			runOnlyForDeploymentPostprocessing = 0;
		};
		3B28C3F11C2D7423008CA202 /* Sources */ = {
			isa = PBXSourcesBuildPhase;
			buildActionMask = 2147483647;
			files = (
				3BC37B0A1C948A3F00C0B9E7 /* Result.swift in Sources */,
				3BC37AE61C948A3F00C0B9E7 /* ConnectionPool.swift in Sources */,
				3BC37B1C1C948A3F00C0B9E7 /* Statement.swift in Sources */,
				3BC37AF81C948A3F00C0B9E7 /* mysql.swift in Sources */,
				3BC37B2E1C948A3F00C0B9E7 /* Utils.swift in Sources */,
				3BC37B281C948A3F00C0B9E7 /* tests.swift in Sources */,
				3B28C3F81C2D7423008CA202 /* main.swift in Sources */,
				3BC37B041C948A3F00C0B9E7 /* Query.swift in Sources */,
				3BC37B161C948A3F00C0B9E7 /* Socket.swift in Sources */,
				3BC37B101C948A3F00C0B9E7 /* sha1.swift in Sources */,
				3BC37B221C948A3F00C0B9E7 /* Table.swift in Sources */,
				3BC37AFE1C948A3F00C0B9E7 /* Packets.swift in Sources */,
				3BC37AE01C948A3E00C0B9E7 /* Connection.swift in Sources */,
				3BC37AEC1C948A3F00C0B9E7 /* Constants.swift in Sources */,
			);
			runOnlyForDeploymentPostprocessing = 0;
		};
		3B28C3FC1C2D74D4008CA202 /* Sources */ = {
			isa = PBXSourcesBuildPhase;
			buildActionMask = 2147483647;
			files = (
				3BC37AE11C948A3E00C0B9E7 /* Connection.swift in Sources */,
				3BC37B051C948A3F00C0B9E7 /* Query.swift in Sources */,
				3BC37B171C948A3F00C0B9E7 /* Socket.swift in Sources */,
				3BC37B2F1C948A3F00C0B9E7 /* Utils.swift in Sources */,
				3BC37AE71C948A3F00C0B9E7 /* ConnectionPool.swift in Sources */,
				3BC37B111C948A3F00C0B9E7 /* sha1.swift in Sources */,
				3BC37B231C948A3F00C0B9E7 /* Table.swift in Sources */,
				3BC37AF91C948A3F00C0B9E7 /* mysql.swift in Sources */,
				3BC37AED1C948A3F00C0B9E7 /* Constants.swift in Sources */,
				3BC37B0B1C948A3F00C0B9E7 /* Result.swift in Sources */,
				3BC37AFF1C948A3F00C0B9E7 /* Packets.swift in Sources */,
				3BC37B1D1C948A3F00C0B9E7 /* Statement.swift in Sources */,
				3BC37B291C948A3F00C0B9E7 /* tests.swift in Sources */,
			);
			runOnlyForDeploymentPostprocessing = 0;
		};
		3B28C4061C2D74D4008CA202 /* Sources */ = {
			isa = PBXSourcesBuildPhase;
			buildActionMask = 2147483647;
			files = (
				3BC37B0C1C948A3F00C0B9E7 /* Result.swift in Sources */,
				3BC37AE81C948A3F00C0B9E7 /* ConnectionPool.swift in Sources */,
				3BC37B1E1C948A3F00C0B9E7 /* Statement.swift in Sources */,
				3BC37AFA1C948A3F00C0B9E7 /* mysql.swift in Sources */,
				3BC37B301C948A3F00C0B9E7 /* Utils.swift in Sources */,
				3BC37B2A1C948A3F00C0B9E7 /* tests.swift in Sources */,
				3B28C4101C2D74D4008CA202 /* MySQLDriveriOSTests.swift in Sources */,
				3BC37B061C948A3F00C0B9E7 /* Query.swift in Sources */,
				3BC37B181C948A3F00C0B9E7 /* Socket.swift in Sources */,
				3BC37B121C948A3F00C0B9E7 /* sha1.swift in Sources */,
				3BC37B241C948A3F00C0B9E7 /* Table.swift in Sources */,
				3BC37B001C948A3F00C0B9E7 /* Packets.swift in Sources */,
				3BC37AE21C948A3F00C0B9E7 /* Connection.swift in Sources */,
				3BC37AEE1C948A3F00C0B9E7 /* Constants.swift in Sources */,
			);
			runOnlyForDeploymentPostprocessing = 0;
		};
		3B28C46D1C2D91B5008CA202 /* Sources */ = {
			isa = PBXSourcesBuildPhase;
			buildActionMask = 2147483647;
			files = (
				3BC37AFB1C948A3F00C0B9E7 /* mysql.swift in Sources */,
				3BC37B071C948A3F00C0B9E7 /* Query.swift in Sources */,
				3BC37AEF1C948A3F00C0B9E7 /* Constants.swift in Sources */,
				3B28C4761C2D91B6008CA202 /* ViewController.swift in Sources */,
				3BC37B1F1C948A3F00C0B9E7 /* Statement.swift in Sources */,
				3BC37B011C948A3F00C0B9E7 /* Packets.swift in Sources */,
				3BC37B311C948A3F00C0B9E7 /* Utils.swift in Sources */,
				3BC37B0D1C948A3F00C0B9E7 /* Result.swift in Sources */,
				3BC37B251C948A3F00C0B9E7 /* Table.swift in Sources */,
				3BC37AE91C948A3F00C0B9E7 /* ConnectionPool.swift in Sources */,
				3BC37B191C948A3F00C0B9E7 /* Socket.swift in Sources */,
				3BC37B2B1C948A3F00C0B9E7 /* tests.swift in Sources */,
				3BC37AE31C948A3F00C0B9E7 /* Connection.swift in Sources */,
				3BC37B131C948A3F00C0B9E7 /* sha1.swift in Sources */,
				3B28C4741C2D91B6008CA202 /* AppDelegate.swift in Sources */,
			);
			runOnlyForDeploymentPostprocessing = 0;
		};
		B0F16B451F97728700AAAFDB /* Sources */ = {
			isa = PBXSourcesBuildPhase;
			buildActionMask = 2147483647;
			files = (
				627B380E2016625F0029FDC1 /* MySQLDriverMacTests.swift in Sources */,
			);
			runOnlyForDeploymentPostprocessing = 0;
		};
/* End PBXSourcesBuildPhase section */

/* Begin PBXTargetDependency section */
		3B28C40D1C2D74D4008CA202 /* PBXTargetDependency */ = {
			isa = PBXTargetDependency;
			target = 3B28C4001C2D74D4008CA202 /* MySQLDriver-iOS */;
			targetProxy = 3B28C40C1C2D74D4008CA202 /* PBXContainerItemProxy */;
		};
		3B28C4861C2D91D1008CA202 /* PBXTargetDependency */ = {
			isa = PBXTargetDependency;
			target = 3B28C4001C2D74D4008CA202 /* MySQLDriver-iOS */;
			targetProxy = 3B28C4851C2D91D1008CA202 /* PBXContainerItemProxy */;
		};
		B0F16B501F97728700AAAFDB /* PBXTargetDependency */ = {
			isa = PBXTargetDependency;
			target = 3B28C3D81C2D73E8008CA202 /* MySQLDriver-macOS */;
			targetProxy = B0F16B4F1F97728700AAAFDB /* PBXContainerItemProxy */;
		};
/* End PBXTargetDependency section */

/* Begin PBXVariantGroup section */
		3B28C4771C2D91B6008CA202 /* Main.storyboard */ = {
			isa = PBXVariantGroup;
			children = (
				3B28C4781C2D91B6008CA202 /* Base */,
			);
			name = Main.storyboard;
			sourceTree = "<group>";
		};
		3B28C47C1C2D91B6008CA202 /* LaunchScreen.storyboard */ = {
			isa = PBXVariantGroup;
			children = (
				3B28C47D1C2D91B6008CA202 /* Base */,
			);
			name = LaunchScreen.storyboard;
			sourceTree = "<group>";
		};
/* End PBXVariantGroup section */

/* Begin XCBuildConfiguration section */
		3B28C3D21C2D7360008CA202 /* Debug */ = {
			isa = XCBuildConfiguration;
			buildSettings = {
				CLANG_WARN_BLOCK_CAPTURE_AUTORELEASING = YES;
				CLANG_WARN_BOOL_CONVERSION = YES;
				CLANG_WARN_COMMA = YES;
				CLANG_WARN_CONSTANT_CONVERSION = YES;
				CLANG_WARN_EMPTY_BODY = YES;
				CLANG_WARN_ENUM_CONVERSION = YES;
				CLANG_WARN_INFINITE_RECURSION = YES;
				CLANG_WARN_INT_CONVERSION = YES;
				CLANG_WARN_NON_LITERAL_NULL_CONVERSION = YES;
				CLANG_WARN_OBJC_LITERAL_CONVERSION = YES;
				CLANG_WARN_RANGE_LOOP_ANALYSIS = YES;
				CLANG_WARN_STRICT_PROTOTYPES = YES;
				CLANG_WARN_SUSPICIOUS_MOVE = YES;
				CLANG_WARN_UNREACHABLE_CODE = YES;
				CLANG_WARN__DUPLICATE_METHOD_MATCH = YES;
				ENABLE_STRICT_OBJC_MSGSEND = YES;
				ENABLE_TESTABILITY = YES;
				GCC_NO_COMMON_BLOCKS = YES;
				GCC_WARN_64_TO_32_BIT_CONVERSION = YES;
				GCC_WARN_ABOUT_RETURN_TYPE = YES;
				GCC_WARN_UNDECLARED_SELECTOR = YES;
				GCC_WARN_UNINITIALIZED_AUTOS = YES;
				GCC_WARN_UNUSED_FUNCTION = YES;
				GCC_WARN_UNUSED_VARIABLE = YES;
				MACOSX_DEPLOYMENT_TARGET = 10.11;
				ONLY_ACTIVE_ARCH = YES;
				SWIFT_VERSION = 4.0;
			};
			name = Debug;
		};
		3B28C3D31C2D7360008CA202 /* Release */ = {
			isa = XCBuildConfiguration;
			buildSettings = {
				CLANG_WARN_BLOCK_CAPTURE_AUTORELEASING = YES;
				CLANG_WARN_BOOL_CONVERSION = YES;
				CLANG_WARN_COMMA = YES;
				CLANG_WARN_CONSTANT_CONVERSION = YES;
				CLANG_WARN_EMPTY_BODY = YES;
				CLANG_WARN_ENUM_CONVERSION = YES;
				CLANG_WARN_INFINITE_RECURSION = YES;
				CLANG_WARN_INT_CONVERSION = YES;
				CLANG_WARN_NON_LITERAL_NULL_CONVERSION = YES;
				CLANG_WARN_OBJC_LITERAL_CONVERSION = YES;
				CLANG_WARN_RANGE_LOOP_ANALYSIS = YES;
				CLANG_WARN_STRICT_PROTOTYPES = YES;
				CLANG_WARN_SUSPICIOUS_MOVE = YES;
				CLANG_WARN_UNREACHABLE_CODE = YES;
				CLANG_WARN__DUPLICATE_METHOD_MATCH = YES;
				ENABLE_STRICT_OBJC_MSGSEND = YES;
				GCC_NO_COMMON_BLOCKS = YES;
				GCC_WARN_64_TO_32_BIT_CONVERSION = YES;
				GCC_WARN_ABOUT_RETURN_TYPE = YES;
				GCC_WARN_UNDECLARED_SELECTOR = YES;
				GCC_WARN_UNINITIALIZED_AUTOS = YES;
				GCC_WARN_UNUSED_FUNCTION = YES;
				GCC_WARN_UNUSED_VARIABLE = YES;
				MACOSX_DEPLOYMENT_TARGET = 10.11;
				SWIFT_OPTIMIZATION_LEVEL = "-Owholemodule";
				SWIFT_VERSION = 4.0;
			};
			name = Release;
		};
		3B28C3EC1C2D73E8008CA202 /* Debug */ = {
			isa = XCBuildConfiguration;
			buildSettings = {
				ALWAYS_EMBED_SWIFT_STANDARD_LIBRARIES = YES;
				ALWAYS_SEARCH_USER_PATHS = NO;
				CLANG_CXX_LANGUAGE_STANDARD = "gnu++0x";
				CLANG_CXX_LIBRARY = "libc++";
				CLANG_ENABLE_MODULES = YES;
				CLANG_ENABLE_OBJC_ARC = YES;
				CLANG_WARN_BOOL_CONVERSION = YES;
				CLANG_WARN_CONSTANT_CONVERSION = YES;
				CLANG_WARN_DIRECT_OBJC_ISA_USAGE = YES_ERROR;
				CLANG_WARN_EMPTY_BODY = YES;
				CLANG_WARN_ENUM_CONVERSION = YES;
				CLANG_WARN_INT_CONVERSION = YES;
				CLANG_WARN_OBJC_ROOT_CLASS = YES_ERROR;
				CLANG_WARN_UNREACHABLE_CODE = YES;
				CLANG_WARN__DUPLICATE_METHOD_MATCH = YES;
				CODE_SIGN_IDENTITY = "-";
				COMBINE_HIDPI_IMAGES = YES;
				COPY_PHASE_STRIP = NO;
				CURRENT_PROJECT_VERSION = 1;
				DEBUG_INFORMATION_FORMAT = dwarf;
				DEFINES_MODULE = YES;
				DYLIB_COMPATIBILITY_VERSION = 1;
				DYLIB_CURRENT_VERSION = 1;
				DYLIB_INSTALL_NAME_BASE = "@rpath";
				ENABLE_STRICT_OBJC_MSGSEND = YES;
				ENABLE_TESTABILITY = YES;
				FRAMEWORK_VERSION = A;
				GCC_C_LANGUAGE_STANDARD = gnu99;
				GCC_DYNAMIC_NO_PIC = NO;
				GCC_NO_COMMON_BLOCKS = YES;
				GCC_OPTIMIZATION_LEVEL = 0;
				GCC_PREPROCESSOR_DEFINITIONS = (
					"DEBUG=1",
					"$(inherited)",
				);
				GCC_WARN_64_TO_32_BIT_CONVERSION = YES;
				GCC_WARN_ABOUT_RETURN_TYPE = YES_ERROR;
				GCC_WARN_UNDECLARED_SELECTOR = YES;
				GCC_WARN_UNINITIALIZED_AUTOS = YES_AGGRESSIVE;
				GCC_WARN_UNUSED_FUNCTION = YES;
				GCC_WARN_UNUSED_VARIABLE = YES;
				INFOPLIST_FILE = MySQLDriverMac/Info.plist;
				INSTALL_PATH = "$(LOCAL_LIBRARY_DIR)/Frameworks";
				LD_RUNPATH_SEARCH_PATHS = "$(inherited) @executable_path/../Frameworks @loader_path/Frameworks";
				MACOSX_DEPLOYMENT_TARGET = 10.11;
				MTL_ENABLE_DEBUG_INFO = YES;
				ONLY_ACTIVE_ARCH = YES;
				PRODUCT_BUNDLE_IDENTIFIER = mcorega.MySQLDriver;
				PRODUCT_NAME = MySQLDriver;
				SDKROOT = macosx;
				SKIP_INSTALL = YES;
				SWIFT_OPTIMIZATION_LEVEL = "-Onone";
				SWIFT_VERSION = 4.0;
				VERSIONING_SYSTEM = "apple-generic";
				VERSION_INFO_PREFIX = "";
			};
			name = Debug;
		};
		3B28C3ED1C2D73E8008CA202 /* Release */ = {
			isa = XCBuildConfiguration;
			buildSettings = {
				ALWAYS_EMBED_SWIFT_STANDARD_LIBRARIES = YES;
				ALWAYS_SEARCH_USER_PATHS = NO;
				CLANG_CXX_LANGUAGE_STANDARD = "gnu++0x";
				CLANG_CXX_LIBRARY = "libc++";
				CLANG_ENABLE_MODULES = YES;
				CLANG_ENABLE_OBJC_ARC = YES;
				CLANG_WARN_BOOL_CONVERSION = YES;
				CLANG_WARN_CONSTANT_CONVERSION = YES;
				CLANG_WARN_DIRECT_OBJC_ISA_USAGE = YES_ERROR;
				CLANG_WARN_EMPTY_BODY = YES;
				CLANG_WARN_ENUM_CONVERSION = YES;
				CLANG_WARN_INT_CONVERSION = YES;
				CLANG_WARN_OBJC_ROOT_CLASS = YES_ERROR;
				CLANG_WARN_UNREACHABLE_CODE = YES;
				CLANG_WARN__DUPLICATE_METHOD_MATCH = YES;
				CODE_SIGN_IDENTITY = "-";
				COMBINE_HIDPI_IMAGES = YES;
				COPY_PHASE_STRIP = NO;
				CURRENT_PROJECT_VERSION = 1;
				DEBUG_INFORMATION_FORMAT = "dwarf-with-dsym";
				DEFINES_MODULE = YES;
				DYLIB_COMPATIBILITY_VERSION = 1;
				DYLIB_CURRENT_VERSION = 1;
				DYLIB_INSTALL_NAME_BASE = "@rpath";
				ENABLE_NS_ASSERTIONS = NO;
				ENABLE_STRICT_OBJC_MSGSEND = YES;
				FRAMEWORK_VERSION = A;
				GCC_C_LANGUAGE_STANDARD = gnu99;
				GCC_NO_COMMON_BLOCKS = YES;
				GCC_WARN_64_TO_32_BIT_CONVERSION = YES;
				GCC_WARN_ABOUT_RETURN_TYPE = YES_ERROR;
				GCC_WARN_UNDECLARED_SELECTOR = YES;
				GCC_WARN_UNINITIALIZED_AUTOS = YES_AGGRESSIVE;
				GCC_WARN_UNUSED_FUNCTION = YES;
				GCC_WARN_UNUSED_VARIABLE = YES;
				INFOPLIST_FILE = MySQLDriverMac/Info.plist;
				INSTALL_PATH = "$(LOCAL_LIBRARY_DIR)/Frameworks";
				LD_RUNPATH_SEARCH_PATHS = "$(inherited) @executable_path/../Frameworks @loader_path/Frameworks";
				MACOSX_DEPLOYMENT_TARGET = 10.11;
				MTL_ENABLE_DEBUG_INFO = NO;
				PRODUCT_BUNDLE_IDENTIFIER = mcorega.MySQLDriver;
				PRODUCT_NAME = MySQLDriver;
				SDKROOT = macosx;
				SKIP_INSTALL = YES;
				SWIFT_VERSION = 4.0;
				VERSIONING_SYSTEM = "apple-generic";
				VERSION_INFO_PREFIX = "";
			};
			name = Release;
		};
		3B28C3FA1C2D7423008CA202 /* Debug */ = {
			isa = XCBuildConfiguration;
			buildSettings = {
				ALWAYS_EMBED_SWIFT_STANDARD_LIBRARIES = NO;
				ALWAYS_SEARCH_USER_PATHS = NO;
				CLANG_CXX_LANGUAGE_STANDARD = "gnu++0x";
				CLANG_CXX_LIBRARY = "libc++";
				CLANG_ENABLE_MODULES = YES;
				CLANG_ENABLE_OBJC_ARC = YES;
				CLANG_WARN_BOOL_CONVERSION = YES;
				CLANG_WARN_CONSTANT_CONVERSION = YES;
				CLANG_WARN_DIRECT_OBJC_ISA_USAGE = YES_ERROR;
				CLANG_WARN_EMPTY_BODY = YES;
				CLANG_WARN_ENUM_CONVERSION = YES;
				CLANG_WARN_INT_CONVERSION = YES;
				CLANG_WARN_OBJC_ROOT_CLASS = YES_ERROR;
				CLANG_WARN_UNREACHABLE_CODE = YES;
				CLANG_WARN__DUPLICATE_METHOD_MATCH = YES;
				CODE_SIGN_IDENTITY = "Mac Developer";
				CODE_SIGN_STYLE = Automatic;
				COPY_PHASE_STRIP = NO;
				DEBUG_INFORMATION_FORMAT = dwarf;
				DEVELOPMENT_TEAM = "";
				ENABLE_STRICT_OBJC_MSGSEND = YES;
				ENABLE_TESTABILITY = YES;
				GCC_C_LANGUAGE_STANDARD = gnu99;
				GCC_DYNAMIC_NO_PIC = NO;
				GCC_NO_COMMON_BLOCKS = YES;
				GCC_OPTIMIZATION_LEVEL = 0;
				GCC_PREPROCESSOR_DEFINITIONS = (
					"DEBUG=1",
					"$(inherited)",
				);
				GCC_WARN_64_TO_32_BIT_CONVERSION = YES;
				GCC_WARN_ABOUT_RETURN_TYPE = YES_ERROR;
				GCC_WARN_UNDECLARED_SELECTOR = YES;
				GCC_WARN_UNINITIALIZED_AUTOS = YES_AGGRESSIVE;
				GCC_WARN_UNUSED_FUNCTION = YES;
				GCC_WARN_UNUSED_VARIABLE = YES;
				MACOSX_DEPLOYMENT_TARGET = 10.11;
				MTL_ENABLE_DEBUG_INFO = YES;
				ONLY_ACTIVE_ARCH = YES;
				PRODUCT_NAME = "$(TARGET_NAME)";
				PROVISIONING_PROFILE_SPECIFIER = "";
				SDKROOT = macosx;
				SWIFT_OPTIMIZATION_LEVEL = "-Onone";
			};
			name = Debug;
		};
		3B28C3FB1C2D7423008CA202 /* Release */ = {
			isa = XCBuildConfiguration;
			buildSettings = {
				ALWAYS_EMBED_SWIFT_STANDARD_LIBRARIES = NO;
				ALWAYS_SEARCH_USER_PATHS = NO;
				CLANG_CXX_LANGUAGE_STANDARD = "gnu++0x";
				CLANG_CXX_LIBRARY = "libc++";
				CLANG_ENABLE_MODULES = YES;
				CLANG_ENABLE_OBJC_ARC = YES;
				CLANG_WARN_BOOL_CONVERSION = YES;
				CLANG_WARN_CONSTANT_CONVERSION = YES;
				CLANG_WARN_DIRECT_OBJC_ISA_USAGE = YES_ERROR;
				CLANG_WARN_EMPTY_BODY = YES;
				CLANG_WARN_ENUM_CONVERSION = YES;
				CLANG_WARN_INT_CONVERSION = YES;
				CLANG_WARN_OBJC_ROOT_CLASS = YES_ERROR;
				CLANG_WARN_UNREACHABLE_CODE = YES;
				CLANG_WARN__DUPLICATE_METHOD_MATCH = YES;
				CODE_SIGN_IDENTITY = "Mac Developer";
				CODE_SIGN_STYLE = Automatic;
				COPY_PHASE_STRIP = NO;
				DEBUG_INFORMATION_FORMAT = "dwarf-with-dsym";
				DEVELOPMENT_TEAM = "";
				ENABLE_NS_ASSERTIONS = NO;
				ENABLE_STRICT_OBJC_MSGSEND = YES;
				GCC_C_LANGUAGE_STANDARD = gnu99;
				GCC_NO_COMMON_BLOCKS = YES;
				GCC_WARN_64_TO_32_BIT_CONVERSION = YES;
				GCC_WARN_ABOUT_RETURN_TYPE = YES_ERROR;
				GCC_WARN_UNDECLARED_SELECTOR = YES;
				GCC_WARN_UNINITIALIZED_AUTOS = YES_AGGRESSIVE;
				GCC_WARN_UNUSED_FUNCTION = YES;
				GCC_WARN_UNUSED_VARIABLE = YES;
				MACOSX_DEPLOYMENT_TARGET = 10.11;
				MTL_ENABLE_DEBUG_INFO = NO;
				PRODUCT_NAME = "$(TARGET_NAME)";
				PROVISIONING_PROFILE_SPECIFIER = "";
				SDKROOT = macosx;
			};
			name = Release;
		};
		3B28C4131C2D74D4008CA202 /* Debug */ = {
			isa = XCBuildConfiguration;
			buildSettings = {
				ALWAYS_SEARCH_USER_PATHS = NO;
				CLANG_CXX_LANGUAGE_STANDARD = "gnu++0x";
				CLANG_CXX_LIBRARY = "libc++";
				CLANG_ENABLE_MODULES = YES;
				CLANG_ENABLE_OBJC_ARC = YES;
				CLANG_WARN_BOOL_CONVERSION = YES;
				CLANG_WARN_CONSTANT_CONVERSION = YES;
				CLANG_WARN_DIRECT_OBJC_ISA_USAGE = YES_ERROR;
				CLANG_WARN_EMPTY_BODY = YES;
				CLANG_WARN_ENUM_CONVERSION = YES;
				CLANG_WARN_INT_CONVERSION = YES;
				CLANG_WARN_OBJC_ROOT_CLASS = YES_ERROR;
				CLANG_WARN_UNREACHABLE_CODE = YES;
				CLANG_WARN__DUPLICATE_METHOD_MATCH = YES;
				"CODE_SIGN_IDENTITY[sdk=iphoneos*]" = "";
				COPY_PHASE_STRIP = NO;
				CURRENT_PROJECT_VERSION = 1;
				DEBUG_INFORMATION_FORMAT = dwarf;
				DEFINES_MODULE = YES;
				DYLIB_COMPATIBILITY_VERSION = 1;
				DYLIB_CURRENT_VERSION = 1;
				DYLIB_INSTALL_NAME_BASE = "@rpath";
				ENABLE_STRICT_OBJC_MSGSEND = YES;
				ENABLE_TESTABILITY = YES;
				GCC_C_LANGUAGE_STANDARD = gnu99;
				GCC_DYNAMIC_NO_PIC = NO;
				GCC_NO_COMMON_BLOCKS = YES;
				GCC_OPTIMIZATION_LEVEL = 0;
				GCC_PREPROCESSOR_DEFINITIONS = (
					"DEBUG=1",
					"$(inherited)",
				);
				GCC_WARN_64_TO_32_BIT_CONVERSION = YES;
				GCC_WARN_ABOUT_RETURN_TYPE = YES_ERROR;
				GCC_WARN_UNDECLARED_SELECTOR = YES;
				GCC_WARN_UNINITIALIZED_AUTOS = YES_AGGRESSIVE;
				GCC_WARN_UNUSED_FUNCTION = YES;
				GCC_WARN_UNUSED_VARIABLE = YES;
				INFOPLIST_FILE = "$(SRCROOT)/Sources/Info.plist";
				INSTALL_PATH = "$(LOCAL_LIBRARY_DIR)/Frameworks";
				IPHONEOS_DEPLOYMENT_TARGET = 10.1;
				LD_RUNPATH_SEARCH_PATHS = "$(inherited) @executable_path/Frameworks @loader_path/Frameworks";
				MTL_ENABLE_DEBUG_INFO = YES;
				ONLY_ACTIVE_ARCH = YES;
				PRODUCT_BUNDLE_IDENTIFIER = mcorega.MySQLDriver;
				PRODUCT_NAME = MySQLDriver;
				SDKROOT = iphoneos;
				SKIP_INSTALL = YES;
				SWIFT_OPTIMIZATION_LEVEL = "-Onone";
				SWIFT_VERSION = 3.0;
				TARGETED_DEVICE_FAMILY = "1,2";
				VERSIONING_SYSTEM = "apple-generic";
				VERSION_INFO_PREFIX = "";
			};
			name = Debug;
		};
		3B28C4141C2D74D4008CA202 /* Release */ = {
			isa = XCBuildConfiguration;
			buildSettings = {
				ALWAYS_SEARCH_USER_PATHS = NO;
				CLANG_CXX_LANGUAGE_STANDARD = "gnu++0x";
				CLANG_CXX_LIBRARY = "libc++";
				CLANG_ENABLE_MODULES = YES;
				CLANG_ENABLE_OBJC_ARC = YES;
				CLANG_WARN_BOOL_CONVERSION = YES;
				CLANG_WARN_CONSTANT_CONVERSION = YES;
				CLANG_WARN_DIRECT_OBJC_ISA_USAGE = YES_ERROR;
				CLANG_WARN_EMPTY_BODY = YES;
				CLANG_WARN_ENUM_CONVERSION = YES;
				CLANG_WARN_INT_CONVERSION = YES;
				CLANG_WARN_OBJC_ROOT_CLASS = YES_ERROR;
				CLANG_WARN_UNREACHABLE_CODE = YES;
				CLANG_WARN__DUPLICATE_METHOD_MATCH = YES;
				"CODE_SIGN_IDENTITY[sdk=iphoneos*]" = "";
				COPY_PHASE_STRIP = NO;
				CURRENT_PROJECT_VERSION = 1;
				DEBUG_INFORMATION_FORMAT = "dwarf-with-dsym";
				DEFINES_MODULE = YES;
				DYLIB_COMPATIBILITY_VERSION = 1;
				DYLIB_CURRENT_VERSION = 1;
				DYLIB_INSTALL_NAME_BASE = "@rpath";
				ENABLE_NS_ASSERTIONS = NO;
				ENABLE_STRICT_OBJC_MSGSEND = YES;
				GCC_C_LANGUAGE_STANDARD = gnu99;
				GCC_NO_COMMON_BLOCKS = YES;
				GCC_WARN_64_TO_32_BIT_CONVERSION = YES;
				GCC_WARN_ABOUT_RETURN_TYPE = YES_ERROR;
				GCC_WARN_UNDECLARED_SELECTOR = YES;
				GCC_WARN_UNINITIALIZED_AUTOS = YES_AGGRESSIVE;
				GCC_WARN_UNUSED_FUNCTION = YES;
				GCC_WARN_UNUSED_VARIABLE = YES;
				INFOPLIST_FILE = "$(SRCROOT)/Sources/Info.plist";
				INSTALL_PATH = "$(LOCAL_LIBRARY_DIR)/Frameworks";
				IPHONEOS_DEPLOYMENT_TARGET = 10.1;
				LD_RUNPATH_SEARCH_PATHS = "$(inherited) @executable_path/Frameworks @loader_path/Frameworks";
				MTL_ENABLE_DEBUG_INFO = NO;
				PRODUCT_BUNDLE_IDENTIFIER = mcorega.MySQLDriver;
				PRODUCT_NAME = MySQLDriver;
				SDKROOT = iphoneos;
				SKIP_INSTALL = YES;
				SWIFT_VERSION = 3.0;
				TARGETED_DEVICE_FAMILY = "1,2";
				VALIDATE_PRODUCT = YES;
				VERSIONING_SYSTEM = "apple-generic";
				VERSION_INFO_PREFIX = "";
			};
			name = Release;
		};
		3B28C4161C2D74D4008CA202 /* Debug */ = {
			isa = XCBuildConfiguration;
			buildSettings = {
				ALWAYS_SEARCH_USER_PATHS = NO;
				CLANG_CXX_LANGUAGE_STANDARD = "gnu++0x";
				CLANG_CXX_LIBRARY = "libc++";
				CLANG_ENABLE_MODULES = YES;
				CLANG_ENABLE_OBJC_ARC = YES;
				CLANG_WARN_BOOL_CONVERSION = YES;
				CLANG_WARN_CONSTANT_CONVERSION = YES;
				CLANG_WARN_DIRECT_OBJC_ISA_USAGE = YES_ERROR;
				CLANG_WARN_EMPTY_BODY = YES;
				CLANG_WARN_ENUM_CONVERSION = YES;
				CLANG_WARN_INT_CONVERSION = YES;
				CLANG_WARN_OBJC_ROOT_CLASS = YES_ERROR;
				CLANG_WARN_UNREACHABLE_CODE = YES;
				CLANG_WARN__DUPLICATE_METHOD_MATCH = YES;
				"CODE_SIGN_IDENTITY[sdk=iphoneos*]" = "iPhone Developer";
				CODE_SIGN_STYLE = Automatic;
				COPY_PHASE_STRIP = NO;
				DEBUG_INFORMATION_FORMAT = dwarf;
				DEVELOPMENT_TEAM = "";
				ENABLE_STRICT_OBJC_MSGSEND = YES;
				ENABLE_TESTABILITY = YES;
				GCC_C_LANGUAGE_STANDARD = gnu99;
				GCC_DYNAMIC_NO_PIC = NO;
				GCC_NO_COMMON_BLOCKS = YES;
				GCC_OPTIMIZATION_LEVEL = 0;
				GCC_PREPROCESSOR_DEFINITIONS = (
					"DEBUG=1",
					"$(inherited)",
				);
				GCC_WARN_64_TO_32_BIT_CONVERSION = YES;
				GCC_WARN_ABOUT_RETURN_TYPE = YES_ERROR;
				GCC_WARN_UNDECLARED_SELECTOR = YES;
				GCC_WARN_UNINITIALIZED_AUTOS = YES_AGGRESSIVE;
				GCC_WARN_UNUSED_FUNCTION = YES;
				GCC_WARN_UNUSED_VARIABLE = YES;
				INFOPLIST_FILE = MySQLDriveriOSTests/Info.plist;
				IPHONEOS_DEPLOYMENT_TARGET = 9.2;
				LD_RUNPATH_SEARCH_PATHS = "$(inherited) @executable_path/Frameworks @loader_path/Frameworks";
				MTL_ENABLE_DEBUG_INFO = YES;
				ONLY_ACTIVE_ARCH = YES;
				PRODUCT_BUNDLE_IDENTIFIER = mcorega.MySQLDriveriOSTests;
				PRODUCT_NAME = "$(TARGET_NAME)";
				PROVISIONING_PROFILE_SPECIFIER = "";
				SDKROOT = iphoneos;
				SWIFT_OPTIMIZATION_LEVEL = "-Onone";
				SWIFT_VERSION = 3.0;
			};
			name = Debug;
		};
		3B28C4171C2D74D4008CA202 /* Release */ = {
			isa = XCBuildConfiguration;
			buildSettings = {
				ALWAYS_SEARCH_USER_PATHS = NO;
				CLANG_CXX_LANGUAGE_STANDARD = "gnu++0x";
				CLANG_CXX_LIBRARY = "libc++";
				CLANG_ENABLE_MODULES = YES;
				CLANG_ENABLE_OBJC_ARC = YES;
				CLANG_WARN_BOOL_CONVERSION = YES;
				CLANG_WARN_CONSTANT_CONVERSION = YES;
				CLANG_WARN_DIRECT_OBJC_ISA_USAGE = YES_ERROR;
				CLANG_WARN_EMPTY_BODY = YES;
				CLANG_WARN_ENUM_CONVERSION = YES;
				CLANG_WARN_INT_CONVERSION = YES;
				CLANG_WARN_OBJC_ROOT_CLASS = YES_ERROR;
				CLANG_WARN_UNREACHABLE_CODE = YES;
				CLANG_WARN__DUPLICATE_METHOD_MATCH = YES;
				"CODE_SIGN_IDENTITY[sdk=iphoneos*]" = "iPhone Developer";
				CODE_SIGN_STYLE = Automatic;
				COPY_PHASE_STRIP = NO;
				DEBUG_INFORMATION_FORMAT = "dwarf-with-dsym";
				DEVELOPMENT_TEAM = "";
				ENABLE_NS_ASSERTIONS = NO;
				ENABLE_STRICT_OBJC_MSGSEND = YES;
				GCC_C_LANGUAGE_STANDARD = gnu99;
				GCC_NO_COMMON_BLOCKS = YES;
				GCC_WARN_64_TO_32_BIT_CONVERSION = YES;
				GCC_WARN_ABOUT_RETURN_TYPE = YES_ERROR;
				GCC_WARN_UNDECLARED_SELECTOR = YES;
				GCC_WARN_UNINITIALIZED_AUTOS = YES_AGGRESSIVE;
				GCC_WARN_UNUSED_FUNCTION = YES;
				GCC_WARN_UNUSED_VARIABLE = YES;
				INFOPLIST_FILE = MySQLDriveriOSTests/Info.plist;
				IPHONEOS_DEPLOYMENT_TARGET = 9.2;
				LD_RUNPATH_SEARCH_PATHS = "$(inherited) @executable_path/Frameworks @loader_path/Frameworks";
				MTL_ENABLE_DEBUG_INFO = NO;
				PRODUCT_BUNDLE_IDENTIFIER = mcorega.MySQLDriveriOSTests;
				PRODUCT_NAME = "$(TARGET_NAME)";
				PROVISIONING_PROFILE_SPECIFIER = "";
				SDKROOT = iphoneos;
				SWIFT_VERSION = 3.0;
				VALIDATE_PRODUCT = YES;
			};
			name = Release;
		};
		3B28C4811C2D91B6008CA202 /* Debug */ = {
			isa = XCBuildConfiguration;
			buildSettings = {
				ALWAYS_EMBED_SWIFT_STANDARD_LIBRARIES = YES;
				ALWAYS_SEARCH_USER_PATHS = NO;
				ASSETCATALOG_COMPILER_APPICON_NAME = AppIcon;
				CLANG_CXX_LANGUAGE_STANDARD = "gnu++0x";
				CLANG_CXX_LIBRARY = "libc++";
				CLANG_ENABLE_MODULES = YES;
				CLANG_ENABLE_OBJC_ARC = YES;
				CLANG_WARN_BOOL_CONVERSION = YES;
				CLANG_WARN_CONSTANT_CONVERSION = YES;
				CLANG_WARN_DIRECT_OBJC_ISA_USAGE = YES_ERROR;
				CLANG_WARN_EMPTY_BODY = YES;
				CLANG_WARN_ENUM_CONVERSION = YES;
				CLANG_WARN_INT_CONVERSION = YES;
				CLANG_WARN_OBJC_ROOT_CLASS = YES_ERROR;
				CLANG_WARN_UNREACHABLE_CODE = YES;
				CLANG_WARN__DUPLICATE_METHOD_MATCH = YES;
				CODE_SIGN_IDENTITY = "iPhone Developer";
				"CODE_SIGN_IDENTITY[sdk=iphoneos*]" = "iPhone Developer";
				CODE_SIGN_STYLE = Automatic;
				COPY_PHASE_STRIP = NO;
				DEBUG_INFORMATION_FORMAT = dwarf;
				DEVELOPMENT_TEAM = "";
				ENABLE_STRICT_OBJC_MSGSEND = YES;
				ENABLE_TESTABILITY = YES;
				GCC_C_LANGUAGE_STANDARD = gnu99;
				GCC_DYNAMIC_NO_PIC = NO;
				GCC_NO_COMMON_BLOCKS = YES;
				GCC_OPTIMIZATION_LEVEL = 0;
				GCC_PREPROCESSOR_DEFINITIONS = (
					"DEBUG=1",
					"$(inherited)",
				);
				GCC_WARN_64_TO_32_BIT_CONVERSION = YES;
				GCC_WARN_ABOUT_RETURN_TYPE = YES_ERROR;
				GCC_WARN_UNDECLARED_SELECTOR = YES;
				GCC_WARN_UNINITIALIZED_AUTOS = YES_AGGRESSIVE;
				GCC_WARN_UNUSED_FUNCTION = YES;
				GCC_WARN_UNUSED_VARIABLE = YES;
				INFOPLIST_FILE = MySQLSampleiOS/Info.plist;
				IPHONEOS_DEPLOYMENT_TARGET = 9.2;
				LD_RUNPATH_SEARCH_PATHS = "$(inherited) @executable_path/Frameworks";
				MTL_ENABLE_DEBUG_INFO = YES;
				ONLY_ACTIVE_ARCH = YES;
				PRODUCT_BUNDLE_IDENTIFIER = mcorega.MySQLSampleiOS;
				PRODUCT_NAME = "$(TARGET_NAME)";
				PROVISIONING_PROFILE_SPECIFIER = "";
				SDKROOT = iphoneos;
				SWIFT_OPTIMIZATION_LEVEL = "-Onone";
				TARGETED_DEVICE_FAMILY = "1,2";
			};
			name = Debug;
		};
		3B28C4821C2D91B6008CA202 /* Release */ = {
			isa = XCBuildConfiguration;
			buildSettings = {
				ALWAYS_EMBED_SWIFT_STANDARD_LIBRARIES = YES;
				ALWAYS_SEARCH_USER_PATHS = NO;
				ASSETCATALOG_COMPILER_APPICON_NAME = AppIcon;
				CLANG_CXX_LANGUAGE_STANDARD = "gnu++0x";
				CLANG_CXX_LIBRARY = "libc++";
				CLANG_ENABLE_MODULES = YES;
				CLANG_ENABLE_OBJC_ARC = YES;
				CLANG_WARN_BOOL_CONVERSION = YES;
				CLANG_WARN_CONSTANT_CONVERSION = YES;
				CLANG_WARN_DIRECT_OBJC_ISA_USAGE = YES_ERROR;
				CLANG_WARN_EMPTY_BODY = YES;
				CLANG_WARN_ENUM_CONVERSION = YES;
				CLANG_WARN_INT_CONVERSION = YES;
				CLANG_WARN_OBJC_ROOT_CLASS = YES_ERROR;
				CLANG_WARN_UNREACHABLE_CODE = YES;
				CLANG_WARN__DUPLICATE_METHOD_MATCH = YES;
				CODE_SIGN_IDENTITY = "iPhone Developer";
				"CODE_SIGN_IDENTITY[sdk=iphoneos*]" = "iPhone Developer";
				CODE_SIGN_STYLE = Automatic;
				COPY_PHASE_STRIP = NO;
				DEBUG_INFORMATION_FORMAT = "dwarf-with-dsym";
				DEVELOPMENT_TEAM = "";
				ENABLE_NS_ASSERTIONS = NO;
				ENABLE_STRICT_OBJC_MSGSEND = YES;
				GCC_C_LANGUAGE_STANDARD = gnu99;
				GCC_NO_COMMON_BLOCKS = YES;
				GCC_WARN_64_TO_32_BIT_CONVERSION = YES;
				GCC_WARN_ABOUT_RETURN_TYPE = YES_ERROR;
				GCC_WARN_UNDECLARED_SELECTOR = YES;
				GCC_WARN_UNINITIALIZED_AUTOS = YES_AGGRESSIVE;
				GCC_WARN_UNUSED_FUNCTION = YES;
				GCC_WARN_UNUSED_VARIABLE = YES;
				INFOPLIST_FILE = MySQLSampleiOS/Info.plist;
				IPHONEOS_DEPLOYMENT_TARGET = 9.2;
				LD_RUNPATH_SEARCH_PATHS = "$(inherited) @executable_path/Frameworks";
				MTL_ENABLE_DEBUG_INFO = NO;
				PRODUCT_BUNDLE_IDENTIFIER = mcorega.MySQLSampleiOS;
				PRODUCT_NAME = "$(TARGET_NAME)";
				PROVISIONING_PROFILE_SPECIFIER = "";
				SDKROOT = iphoneos;
				TARGETED_DEVICE_FAMILY = "1,2";
				VALIDATE_PRODUCT = YES;
			};
			name = Release;
		};
		B0F16B521F97728700AAAFDB /* Debug */ = {
			isa = XCBuildConfiguration;
			buildSettings = {
				ALWAYS_SEARCH_USER_PATHS = NO;
				CLANG_ANALYZER_NONNULL = YES;
				CLANG_ANALYZER_NUMBER_OBJECT_CONVERSION = YES_AGGRESSIVE;
				CLANG_CXX_LANGUAGE_STANDARD = "gnu++14";
				CLANG_CXX_LIBRARY = "libc++";
				CLANG_ENABLE_MODULES = YES;
				CLANG_ENABLE_OBJC_ARC = YES;
				CLANG_WARN_DIRECT_OBJC_ISA_USAGE = YES_ERROR;
				CLANG_WARN_DOCUMENTATION_COMMENTS = YES;
				CLANG_WARN_OBJC_ROOT_CLASS = YES_ERROR;
				CLANG_WARN_UNGUARDED_AVAILABILITY = YES_AGGRESSIVE;
				CODE_SIGN_IDENTITY = "Mac Developer";
				CODE_SIGN_STYLE = Automatic;
				COMBINE_HIDPI_IMAGES = YES;
				COPY_PHASE_STRIP = NO;
				DEBUG_INFORMATION_FORMAT = dwarf;
				DEVELOPMENT_TEAM = "";
				GCC_C_LANGUAGE_STANDARD = gnu11;
				GCC_DYNAMIC_NO_PIC = NO;
				GCC_OPTIMIZATION_LEVEL = 0;
				GCC_PREPROCESSOR_DEFINITIONS = (
					"DEBUG=1",
					"$(inherited)",
				);
				GCC_WARN_ABOUT_RETURN_TYPE = YES_ERROR;
				GCC_WARN_UNINITIALIZED_AUTOS = YES_AGGRESSIVE;
				INFOPLIST_FILE = MySQLDriverTests/Info.plist;
				LD_RUNPATH_SEARCH_PATHS = "$(inherited) @executable_path/../Frameworks @loader_path/../Frameworks";
				MACOSX_DEPLOYMENT_TARGET = 10.11;
				MTL_ENABLE_DEBUG_INFO = YES;
				PRODUCT_BUNDLE_IDENTIFIER = cc.MySQLDriverTests;
				PRODUCT_NAME = "$(TARGET_NAME)";
				PROVISIONING_PROFILE_SPECIFIER = "";
				SDKROOT = macosx;
				SWIFT_ACTIVE_COMPILATION_CONDITIONS = DEBUG;
				SWIFT_OPTIMIZATION_LEVEL = "-Onone";
				SWIFT_VERSION = 4.0;
			};
			name = Debug;
		};
		B0F16B531F97728700AAAFDB /* Release */ = {
			isa = XCBuildConfiguration;
			buildSettings = {
				ALWAYS_SEARCH_USER_PATHS = NO;
				CLANG_ANALYZER_NONNULL = YES;
				CLANG_ANALYZER_NUMBER_OBJECT_CONVERSION = YES_AGGRESSIVE;
				CLANG_CXX_LANGUAGE_STANDARD = "gnu++14";
				CLANG_CXX_LIBRARY = "libc++";
				CLANG_ENABLE_MODULES = YES;
				CLANG_ENABLE_OBJC_ARC = YES;
				CLANG_WARN_DIRECT_OBJC_ISA_USAGE = YES_ERROR;
				CLANG_WARN_DOCUMENTATION_COMMENTS = YES;
				CLANG_WARN_OBJC_ROOT_CLASS = YES_ERROR;
				CLANG_WARN_UNGUARDED_AVAILABILITY = YES_AGGRESSIVE;
				CODE_SIGN_IDENTITY = "Mac Developer";
				CODE_SIGN_STYLE = Automatic;
				COMBINE_HIDPI_IMAGES = YES;
				COPY_PHASE_STRIP = NO;
				DEBUG_INFORMATION_FORMAT = "dwarf-with-dsym";
				DEVELOPMENT_TEAM = "";
				ENABLE_NS_ASSERTIONS = NO;
				GCC_C_LANGUAGE_STANDARD = gnu11;
				GCC_WARN_ABOUT_RETURN_TYPE = YES_ERROR;
				GCC_WARN_UNINITIALIZED_AUTOS = YES_AGGRESSIVE;
				INFOPLIST_FILE = MySQLDriverTests/Info.plist;
				LD_RUNPATH_SEARCH_PATHS = "$(inherited) @executable_path/../Frameworks @loader_path/../Frameworks";
				MACOSX_DEPLOYMENT_TARGET = 10.11;
				MTL_ENABLE_DEBUG_INFO = NO;
				PRODUCT_BUNDLE_IDENTIFIER = cc.MySQLDriverTests;
				PRODUCT_NAME = "$(TARGET_NAME)";
				PROVISIONING_PROFILE_SPECIFIER = "";
				SDKROOT = macosx;
				SWIFT_VERSION = 4.0;
			};
			name = Release;
		};
/* End XCBuildConfiguration section */

/* Begin XCConfigurationList section */
		3B28C3D11C2D7360008CA202 /* Build configuration list for PBXProject "MySQLDriver" */ = {
			isa = XCConfigurationList;
			buildConfigurations = (
				3B28C3D21C2D7360008CA202 /* Debug */,
				3B28C3D31C2D7360008CA202 /* Release */,
			);
			defaultConfigurationIsVisible = 0;
			defaultConfigurationName = Release;
		};
		3B28C3EB1C2D73E8008CA202 /* Build configuration list for PBXNativeTarget "MySQLDriver-macOS" */ = {
			isa = XCConfigurationList;
			buildConfigurations = (
				3B28C3EC1C2D73E8008CA202 /* Debug */,
				3B28C3ED1C2D73E8008CA202 /* Release */,
			);
			defaultConfigurationIsVisible = 0;
			defaultConfigurationName = Release;
		};
		3B28C3F91C2D7423008CA202 /* Build configuration list for PBXNativeTarget "MySQLSampleOSX" */ = {
			isa = XCConfigurationList;
			buildConfigurations = (
				3B28C3FA1C2D7423008CA202 /* Debug */,
				3B28C3FB1C2D7423008CA202 /* Release */,
			);
			defaultConfigurationIsVisible = 0;
			defaultConfigurationName = Release;
		};
		3B28C4121C2D74D4008CA202 /* Build configuration list for PBXNativeTarget "MySQLDriver-iOS" */ = {
			isa = XCConfigurationList;
			buildConfigurations = (
				3B28C4131C2D74D4008CA202 /* Debug */,
				3B28C4141C2D74D4008CA202 /* Release */,
			);
			defaultConfigurationIsVisible = 0;
			defaultConfigurationName = Release;
		};
		3B28C4151C2D74D4008CA202 /* Build configuration list for PBXNativeTarget "MySQLDriverTests-iOS" */ = {
			isa = XCConfigurationList;
			buildConfigurations = (
				3B28C4161C2D74D4008CA202 /* Debug */,
				3B28C4171C2D74D4008CA202 /* Release */,
			);
			defaultConfigurationIsVisible = 0;
			defaultConfigurationName = Release;
		};
		3B28C4801C2D91B6008CA202 /* Build configuration list for PBXNativeTarget "MySQLSampleiOS" */ = {
			isa = XCConfigurationList;
			buildConfigurations = (
				3B28C4811C2D91B6008CA202 /* Debug */,
				3B28C4821C2D91B6008CA202 /* Release */,
			);
			defaultConfigurationIsVisible = 0;
			defaultConfigurationName = Release;
		};
		B0F16B511F97728700AAAFDB /* Build configuration list for PBXNativeTarget "MySQLDriverTests-macOS" */ = {
			isa = XCConfigurationList;
			buildConfigurations = (
				B0F16B521F97728700AAAFDB /* Debug */,
				B0F16B531F97728700AAAFDB /* Release */,
			);
			defaultConfigurationIsVisible = 0;
			defaultConfigurationName = Release;
		};
/* End XCConfigurationList section */
	};
	rootObject = 3B28C3CE1C2D7360008CA202 /* Project object */;
}
